<?xml version="1.0" encoding="utf-8"?>
<Project ToolsVersion="4.0" xmlns="http://schemas.microsoft.com/developer/msbuild/2003">
  <ItemGroup>
    <Filter Include="Source Files">
      <UniqueIdentifier>{4FC737F1-C7A5-4376-A066-2A32D752A2FF}</UniqueIdentifier>
      <Extensions>cpp;c;cc;cxx;c++;cppm;ixx;def;odl;idl;hpj;bat;asm;asmx</Extensions>
    </Filter>
    <Filter Include="Header Files">
      <UniqueIdentifier>{93995380-89BD-4b04-88EB-625FBE52EBFB}</UniqueIdentifier>
      <Extensions>h;hh;hpp;hxx;h++;hm;inl;inc;ipp;xsd</Extensions>
    </Filter>
    <Filter Include="Resource Files">
      <UniqueIdentifier>{67DA6AB6-F800-4c08-8B7A-83BB121AAD01}</UniqueIdentifier>
      <Extensions>rc;ico;cur;bmp;dlg;rc2;rct;bin;rgs;gif;jpg;jpeg;jpe;resx;tiff;tif;png;wav;mfcribbon-ms</Extensions>
    </Filter>
  </ItemGroup>
  <ItemGroup>
    <ClCompile Include="C++ Playground.cpp">
      <Filter>Source Files</Filter>
    </ClCompile>
    <ClCompile Include="SOLID Principles\OpenClosedPrinciple.cpp">
      <Filter>Source Files</Filter>
    </ClCompile>
    <ClCompile Include="SOLID Principles\SingleResponsibilityPrinciple.cpp">
      <Filter>Source Files</Filter>
    </ClCompile>
    <ClCompile Include="SOLID Principles\LiskovSubstitutionPrinciple.cpp">
      <Filter>Source Files</Filter>
    </ClCompile>
    <ClCompile Include="SOLID Principles\InterfaceSegregationPrinciple.cpp">
      <Filter>Source Files</Filter>
    </ClCompile>
    <ClCompile Include="SOLID Principles\DependencyInversionPrinciple.cpp">
      <Filter>Source Files</Filter>
    </ClCompile>
    <ClCompile Include="Builders\Builder.cpp">
      <Filter>Source Files</Filter>
    </ClCompile>
    <ClCompile Include="Builders\FluentBuilder\FluentBuilder.cpp">
      <Filter>Source Files</Filter>
    </ClCompile>
    <ClCompile Include="Builders\FluentBuilder\FluentElement.cpp">
      <Filter>Source Files</Filter>
    </ClCompile>
    <ClCompile Include="Builders\FluentBuilder\ForcedElement.cpp">
      <Filter>Source Files</Filter>
    </ClCompile>
    <ClCompile Include="Builders\FluentBuilder\ForcedElementBuilder.cpp">
      <Filter>Source Files</Filter>
    </ClCompile>
    <ClCompile Include="Builders\BuilderFacets\Person.cpp">
      <Filter>Source Files</Filter>
    </ClCompile>
    <ClCompile Include="Builders\BuilderFacets\PersonBuilder.cpp">
      <Filter>Source Files</Filter>
    </ClCompile>
    <ClCompile Include="Builders\FluentBuilder\FluentBuilderExample.cpp">
      <Filter>Source Files</Filter>
    </ClCompile>
    <ClCompile Include="Builders\BuilderFacets\BuilderFacetsExample.cpp">
      <Filter>Source Files</Filter>
    </ClCompile>
    <ClCompile Include="Factory\FactoryMethod.cpp">
      <Filter>Source Files</Filter>
    </ClCompile>
    <ClCompile Include="Factory\Factory.cpp">
      <Filter>Source Files</Filter>
    </ClCompile>
    <ClCompile Include="Factory\InnerFactory.cpp">
      <Filter>Source Files</Filter>
    </ClCompile>
    <ClCompile Include="Factory\Abstract Factory\AbstractFactoryExample.cpp">
      <Filter>Source Files</Filter>
    </ClCompile>
    <ClCompile Include="Prototype\Prototype.cpp">
      <Filter>Source Files</Filter>
    </ClCompile>
    <ClCompile Include="Singleton\Singleton.cpp">
      <Filter>Source Files</Filter>
    </ClCompile>
    <ClCompile Include="Singleton\Multiton.cpp">
      <Filter>Source Files</Filter>
    </ClCompile>
    <ClCompile Include="Adapter\Adapter.cpp">
      <Filter>Source Files</Filter>
    </ClCompile>
    <ClCompile Include="Bridge\Pimpl\Pimpl.cpp">
      <Filter>Source Files</Filter>
    </ClCompile>
    <ClCompile Include="Bridge\Bridge.cpp">
      <Filter>Source Files</Filter>
    </ClCompile>
    <ClCompile Include="Composite\Composite.cpp">
      <Filter>Source Files</Filter>
    </ClCompile>
    <ClCompile Include="Decorator\DynamicDecorator.cpp">
      <Filter>Source Files</Filter>
    </ClCompile>
    <ClCompile Include="Decorator\StaticDecorator.cpp">
      <Filter>Source Files</Filter>
    </ClCompile>
    <ClCompile Include="Facade\Facade.cpp">
      <Filter>Source Files</Filter>
    </ClCompile>
    <ClCompile Include="Flyweight\Flyweight.cpp">
      <Filter>Source Files</Filter>
    </ClCompile>
    <ClCompile Include="Proxy\PropertyProxy.cpp">
      <Filter>Source Files</Filter>
    </ClCompile>
    <ClCompile Include="Proxy\VirtualProxy.cpp">
      <Filter>Source Files</Filter>
    </ClCompile>
    <ClCompile Include="Chain of Responsibility\PointerChain.cpp">
      <Filter>Source Files</Filter>
    </ClCompile>
    <ClCompile Include="Chain of Responsibility\BrokerChain.cpp">
      <Filter>Source Files</Filter>
    </ClCompile>
    <ClCompile Include="Command\Command.cpp">
      <Filter>Source Files</Filter>
    </ClCompile>
    <ClCompile Include="Interpreter\Interpreter.cpp">
      <Filter>Source Files</Filter>
    </ClCompile>
    <ClCompile Include="Iterator\IteratorsIntro.cpp">
      <Filter>Source Files</Filter>
    </ClCompile>
    <ClCompile Include="Iterator\BinaryTreeIterator.cpp">
      <Filter>Source Files</Filter>
    </ClCompile>
    <ClCompile Include="Iterator\BoostIteratorFacade.cpp">
      <Filter>Source Files</Filter>
    </ClCompile>
    <ClCompile Include="Mediator\ChatRoom\ChatRoom.cpp">
      <Filter>Source Files</Filter>
    </ClCompile>
    <ClCompile Include="Mediator\ChatRoom\ChatRoomExample.cpp">
      <Filter>Source Files</Filter>
    </ClCompile>
    <ClCompile Include="Mediator\ChatRoom\ChatRoomPerson.cpp">
      <Filter>Source Files</Filter>
    </ClCompile>
    <ClCompile Include="Memento\Memento.cpp">
      <Filter>Source Files</Filter>
    </ClCompile>
    <ClCompile Include="Observer\ObserverExample.cpp">
      <Filter>Source Files</Filter>
    </ClCompile>
    <ClCompile Include="Observer\Observer.cpp">
      <Filter>Source Files</Filter>
    </ClCompile>
  </ItemGroup>
  <ItemGroup>
    <ClInclude Include="Builders\FluentBuilder\FluentElement.h">
      <Filter>Header Files</Filter>
    </ClInclude>
    <ClInclude Include="Builders\FluentBuilder\FluentBuilder.h">
      <Filter>Header Files</Filter>
    </ClInclude>
    <ClInclude Include="Builders\FluentBuilder\ForcedElement.h">
      <Filter>Header Files</Filter>
    </ClInclude>
    <ClInclude Include="Builders\FluentBuilder\ForcedElementBuilder.h">
      <Filter>Header Files</Filter>
    </ClInclude>
    <ClInclude Include="Builders\BuilderFacets\Person.h">
      <Filter>Header Files</Filter>
    </ClInclude>
    <ClInclude Include="Builders\BuilderFacets\PersonBuilder.h">
      <Filter>Header Files</Filter>
    </ClInclude>
    <ClInclude Include="Builders\BuilderFacets\PersonAddressBuilder.h">
      <Filter>Header Files</Filter>
    </ClInclude>
    <ClInclude Include="Builders\BuilderFacets\PersonJobBuilder.h">
      <Filter>Header Files</Filter>
    </ClInclude>
    <ClInclude Include="Factory\Abstract Factory\HotDrink.h">
      <Filter>Header Files</Filter>
    </ClInclude>
    <ClInclude Include="Factory\Abstract Factory\HotDrinkFactory.h">
      <Filter>Header Files</Filter>
    </ClInclude>
    <ClInclude Include="Factory\Abstract Factory\DrinkFactory.h">
      <Filter>Header Files</Filter>
    </ClInclude>
    <ClInclude Include="Bridge\Pimpl\Pimpl.h">
      <Filter>Header Files</Filter>
    </ClInclude>
    <ClInclude Include="Mediator\ChatRoom\ChatRoom.h">
      <Filter>Header Files</Filter>
    </ClInclude>
    <ClInclude Include="Mediator\ChatRoom\ChatRoomPerson.h">
      <Filter>Header Files</Filter>
    </ClInclude>
    <ClInclude Include="Observer\Observer.h">
      <Filter>Header Files</Filter>
    </ClInclude>
  </ItemGroup>
</Project>